
Microsoft Visual Studio Solution File, Format Version 12.00
# Visual Studio Version 16
VisualStudioVersion = 16.0.32126.315
MinimumVisualStudioVersion = 10.0.40219.1
Project("{FAE04EC0-301F-11D3-BF4B-00C04F79EFBC}") = "Schonhage-StrassenAlgorithm", "Schonhage-StrassenAlgorithm\Schonhage-StrassenAlgorithm.csproj", "{33151384-8EBC-4215-BB31-3CCB6BB19C41}"
EndProject
Project("{54435603-DBB4-11D2-8724-00A0C9A8B90C}") = "SchonhageStrassenSetup", "SchonhageStrassenSetup\SchonhageStrassenSetup.vdproj", "{83094D9F-960E-4C07-A3F2-9494F37B3538}"
EndProject
Global
	GlobalSection(SolutionConfigurationPlatforms) = preSolution
		Debug|Any CPU = Debug|Any CPU
		Release|Any CPU = Release|Any CPU
	EndGlobalSection
	GlobalSection(ProjectConfigurationPlatforms) = postSolution
		{33151384-8EBC-4215-BB31-3CCB6BB19C41}.Debug|Any CPU.ActiveCfg = Debug|Any CPU
		{33151384-8EBC-4215-BB31-3CCB6BB19C41}.Debug|Any CPU.Build.0 = Debug|Any CPU
		{33151384-8EBC-4215-BB31-3CCB6BB19C41}.Release|Any CPU.ActiveCfg = Release|Any CPU
		{33151384-8EBC-4215-BB31-3CCB6BB19C41}.Release|Any CPU.Build.0 = Release|Any CPU
		{83094D9F-960E-4C07-A3F2-9494F37B3538}.Debug|Any CPU.ActiveCfg = Debug
		{83094D9F-960E-4C07-A3F2-9494F37B3538}.Release|Any CPU.ActiveCfg = Release
	EndGlobalSection
	GlobalSection(SolutionProperties) = preSolution
		HideSolutionNode = FALSE
	EndGlobalSection
	GlobalSection(ExtensibilityGlobals) = postSolution
		SolutionGuid = {387E1661-BA37-44C9-A1CD-B3D5DD1F7F58}
	EndGlobalSection
EndGlobal
